// !$*UTF8*$!
{
	archiveVersion = 1;
	classes = {
	};
	objectVersion = 51;
	objects = {

/* Begin PBXBuildFile section */
		6F8ECAE08E5D8F357F8014A4 /* Pods_ToDo.framework in Frameworks */ = {isa = PBXBuildFile; fileRef = 38E803A8C3AD49B5D399B5B7 /* Pods_ToDo.framework */; };
		7D2CBB2224DD96DE00B069FF /* Item.swift in Sources */ = {isa = PBXBuildFile; fileRef = 7D2CBB2124DD96DE00B069FF /* Item.swift */; };
		7D2CBB2424DD96EE00B069FF /* Category.swift in Sources */ = {isa = PBXBuildFile; fileRef = 7D2CBB2324DD96EE00B069FF /* Category.swift */; };
		7D75987924CD8DFF00C563DD /* AppDelegate.swift in Sources */ = {isa = PBXBuildFile; fileRef = 7D75987824CD8DFF00C563DD /* AppDelegate.swift */; };
		7D75987B24CD8DFF00C563DD /* SceneDelegate.swift in Sources */ = {isa = PBXBuildFile; fileRef = 7D75987A24CD8DFF00C563DD /* SceneDelegate.swift */; };
		7D75987D24CD8DFF00C563DD /* TodoListViewController.swift in Sources */ = {isa = PBXBuildFile; fileRef = 7D75987C24CD8DFF00C563DD /* TodoListViewController.swift */; };
		7D75988024CD8DFF00C563DD /* Main.storyboard in Resources */ = {isa = PBXBuildFile; fileRef = 7D75987E24CD8DFF00C563DD /* Main.storyboard */; };
		7D75988224CD8E0100C563DD /* Assets.xcassets in Resources */ = {isa = PBXBuildFile; fileRef = 7D75988124CD8E0100C563DD /* Assets.xcassets */; };
		7D75988524CD8E0100C563DD /* LaunchScreen.storyboard in Resources */ = {isa = PBXBuildFile; fileRef = 7D75988324CD8E0100C563DD /* LaunchScreen.storyboard */; };
		7D7598DB24DAF11C00C563DD /* CategoryViewController.swift in Sources */ = {isa = PBXBuildFile; fileRef = 7D7598DA24DAF11B00C563DD /* CategoryViewController.swift */; };
/* End PBXBuildFile section */

/* Begin PBXFileReference section */
		38E803A8C3AD49B5D399B5B7 /* Pods_ToDo.framework */ = {isa = PBXFileReference; explicitFileType = wrapper.framework; includeInIndex = 0; path = Pods_ToDo.framework; sourceTree = BUILT_PRODUCTS_DIR; };
		7D2CBB2124DD96DE00B069FF /* Item.swift */ = {isa = PBXFileReference; lastKnownFileType = sourcecode.swift; path = Item.swift; sourceTree = "<group>"; };
		7D2CBB2324DD96EE00B069FF /* Category.swift */ = {isa = PBXFileReference; lastKnownFileType = sourcecode.swift; path = Category.swift; sourceTree = "<group>"; };
		7D75987524CD8DFF00C563DD /* ToDo.app */ = {isa = PBXFileReference; explicitFileType = wrapper.application; includeInIndex = 0; path = ToDo.app; sourceTree = BUILT_PRODUCTS_DIR; };
		7D75987824CD8DFF00C563DD /* AppDelegate.swift */ = {isa = PBXFileReference; lastKnownFileType = sourcecode.swift; path = AppDelegate.swift; sourceTree = "<group>"; };
		7D75987A24CD8DFF00C563DD /* SceneDelegate.swift */ = {isa = PBXFileReference; lastKnownFileType = sourcecode.swift; path = SceneDelegate.swift; sourceTree = "<group>"; };
		7D75987C24CD8DFF00C563DD /* TodoListViewController.swift */ = {isa = PBXFileReference; lastKnownFileType = sourcecode.swift; path = TodoListViewController.swift; sourceTree = "<group>"; };
		7D75987F24CD8DFF00C563DD /* Base */ = {isa = PBXFileReference; lastKnownFileType = file.storyboard; name = Base; path = Base.lproj/Main.storyboard; sourceTree = "<group>"; };
		7D75988124CD8E0100C563DD /* Assets.xcassets */ = {isa = PBXFileReference; lastKnownFileType = folder.assetcatalog; path = Assets.xcassets; sourceTree = "<group>"; };
		7D75988424CD8E0100C563DD /* Base */ = {isa = PBXFileReference; lastKnownFileType = file.storyboard; name = Base; path = Base.lproj/LaunchScreen.storyboard; sourceTree = "<group>"; };
		7D75988624CD8E0100C563DD /* Info.plist */ = {isa = PBXFileReference; lastKnownFileType = text.plist.xml; path = Info.plist; sourceTree = "<group>"; };
		7D7598DA24DAF11B00C563DD /* CategoryViewController.swift */ = {isa = PBXFileReference; lastKnownFileType = sourcecode.swift; path = CategoryViewController.swift; sourceTree = "<group>"; };
		BBF4DF33518578D07860BE97 /* Pods-ToDo.release.xcconfig */ = {isa = PBXFileReference; includeInIndex = 1; lastKnownFileType = text.xcconfig; name = "Pods-ToDo.release.xcconfig"; path = "Target Support Files/Pods-ToDo/Pods-ToDo.release.xcconfig"; sourceTree = "<group>"; };
		E753F9A6E3EB7A67EA205DAC /* Pods-ToDo.debug.xcconfig */ = {isa = PBXFileReference; includeInIndex = 1; lastKnownFileType = text.xcconfig; name = "Pods-ToDo.debug.xcconfig"; path = "Target Support Files/Pods-ToDo/Pods-ToDo.debug.xcconfig"; sourceTree = "<group>"; };
/* End PBXFileReference section */

/* Begin PBXFrameworksBuildPhase section */
		7D75987224CD8DFF00C563DD /* Frameworks */ = {
			isa = PBXFrameworksBuildPhase;
			buildActionMask = 2147483647;
			files = (
				6F8ECAE08E5D8F357F8014A4 /* Pods_ToDo.framework in Frameworks */,
			);
			runOnlyForDeploymentPostprocessing = 0;
		};
/* End PBXFrameworksBuildPhase section */

/* Begin PBXGroup section */
		5B06C0557CD8810DFD176137 /* Frameworks */ = {
			isa = PBXGroup;
			children = (
				38E803A8C3AD49B5D399B5B7 /* Pods_ToDo.framework */,
			);
			name = Frameworks;
			sourceTree = "<group>";
		};
		7D75986C24CD8DFF00C563DD = {
			isa = PBXGroup;
			children = (
				7D75987724CD8DFF00C563DD /* ToDo */,
				7D75987624CD8DFF00C563DD /* Products */,
				A0E98A01A1487CAC1C3AF455 /* Pods */,
				5B06C0557CD8810DFD176137 /* Frameworks */,
			);
			sourceTree = "<group>";
		};
		7D75987624CD8DFF00C563DD /* Products */ = {
			isa = PBXGroup;
			children = (
				7D75987524CD8DFF00C563DD /* ToDo.app */,
			);
			name = Products;
			sourceTree = "<group>";
		};
		7D75987724CD8DFF00C563DD /* ToDo */ = {
			isa = PBXGroup;
			children = (
				7D75987824CD8DFF00C563DD /* AppDelegate.swift */,
				7D75987A24CD8DFF00C563DD /* SceneDelegate.swift */,
				7D75988E24D3BF4000C563DD /* Data Model */,
				7D75988F24D3BF6400C563DD /* Controller */,
				7D75989024D3BF6F00C563DD /* View */,
				7D75988124CD8E0100C563DD /* Assets.xcassets */,
				7D75988324CD8E0100C563DD /* LaunchScreen.storyboard */,
				7D75988624CD8E0100C563DD /* Info.plist */,
			);
			path = ToDo;
			sourceTree = "<group>";
		};
		7D75988E24D3BF4000C563DD /* Data Model */ = {
			isa = PBXGroup;
			children = (
				7D2CBB2324DD96EE00B069FF /* Category.swift */,
				7D2CBB2124DD96DE00B069FF /* Item.swift */,
			);
			path = "Data Model";
			sourceTree = "<group>";
		};
		7D75988F24D3BF6400C563DD /* Controller */ = {
			isa = PBXGroup;
			children = (
				7D7598DA24DAF11B00C563DD /* CategoryViewController.swift */,
				7D75987C24CD8DFF00C563DD /* TodoListViewController.swift */,
			);
			path = Controller;
			sourceTree = "<group>";
		};
		7D75989024D3BF6F00C563DD /* View */ = {
			isa = PBXGroup;
			children = (
				7D75987E24CD8DFF00C563DD /* Main.storyboard */,
			);
			path = View;
			sourceTree = "<group>";
		};
		A0E98A01A1487CAC1C3AF455 /* Pods */ = {
			isa = PBXGroup;
			children = (
				E753F9A6E3EB7A67EA205DAC /* Pods-ToDo.debug.xcconfig */,
				BBF4DF33518578D07860BE97 /* Pods-ToDo.release.xcconfig */,
			);
			path = Pods;
			sourceTree = "<group>";
		};
/* End PBXGroup section */

/* Begin PBXNativeTarget section */
		7D75987424CD8DFF00C563DD /* ToDo */ = {
			isa = PBXNativeTarget;
			buildConfigurationList = 7D75988924CD8E0100C563DD /* Build configuration list for PBXNativeTarget "ToDo" */;
			buildPhases = (
				60579FA88F3AF54829C3CD6E /* [CP] Check Pods Manifest.lock */,
				7D75987124CD8DFF00C563DD /* Sources */,
				7D75987224CD8DFF00C563DD /* Frameworks */,
				7D75987324CD8DFF00C563DD /* Resources */,
				36247A0C49863885C87304AC /* [CP] Embed Pods Frameworks */,
			);
			buildRules = (
			);
			dependencies = (
			);
			name = ToDo;
			productName = ToDo;
			productReference = 7D75987524CD8DFF00C563DD /* ToDo.app */;
			productType = "com.apple.product-type.application";
		};
/* End PBXNativeTarget section */

/* Begin PBXProject section */
		7D75986D24CD8DFF00C563DD /* Project object */ = {
			isa = PBXProject;
			attributes = {
				LastSwiftUpdateCheck = 1150;
				LastUpgradeCheck = 1150;
				ORGANIZATIONNAME = Jamie;
				TargetAttributes = {
					7D75987424CD8DFF00C563DD = {
						CreatedOnToolsVersion = 11.5;
					};
				};
			};
			buildConfigurationList = 7D75987024CD8DFF00C563DD /* Build configuration list for PBXProject "ToDo" */;
			compatibilityVersion = "Xcode 9.3";
			developmentRegion = en;
			hasScannedForEncodings = 0;
			knownRegions = (
				en,
				Base,
			);
			mainGroup = 7D75986C24CD8DFF00C563DD;
			productRefGroup = 7D75987624CD8DFF00C563DD /* Products */;
			projectDirPath = "";
			projectRoot = "";
			targets = (
				7D75987424CD8DFF00C563DD /* ToDo */,
			);
		};
/* End PBXProject section */

/* Begin PBXResourcesBuildPhase section */
		7D75987324CD8DFF00C563DD /* Resources */ = {
			isa = PBXResourcesBuildPhase;
			buildActionMask = 2147483647;
			files = (
				7D75988524CD8E0100C563DD /* LaunchScreen.storyboard in Resources */,
				7D75988224CD8E0100C563DD /* Assets.xcassets in Resources */,
				7D75988024CD8DFF00C563DD /* Main.storyboard in Resources */,
			);
			runOnlyForDeploymentPostprocessing = 0;
		};
/* End PBXResourcesBuildPhase section */

/* Begin PBXShellScriptBuildPhase section */
		36247A0C49863885C87304AC /* [CP] Embed Pods Frameworks */ = {
			isa = PBXShellScriptBuildPhase;
			buildActionMask = 2147483647;
			files = (
			);
			inputFileListPaths = (
				"${PODS_ROOT}/Target Support Files/Pods-ToDo/Pods-ToDo-frameworks-${CONFIGURATION}-input-files.xcfilelist",
			);
			name = "[CP] Embed Pods Frameworks";
			outputFileListPaths = (
				"${PODS_ROOT}/Target Support Files/Pods-ToDo/Pods-ToDo-frameworks-${CONFIGURATION}-output-files.xcfilelist",
			);
			runOnlyForDeploymentPostprocessing = 0;
			shellPath = /bin/sh;
			shellScript = "\"${PODS_ROOT}/Target Support Files/Pods-ToDo/Pods-ToDo-frameworks.sh\"\n";
			showEnvVarsInLog = 0;
		};
		60579FA88F3AF54829C3CD6E /* [CP] Check Pods Manifest.lock */ = {
			isa = PBXShellScriptBuildPhase;
			buildActionMask = 2147483647;
			files = (
			);
			inputFileListPaths = (
			);
			inputPaths = (
				"${PODS_PODFILE_DIR_PATH}/Podfile.lock",
				"${PODS_ROOT}/Manifest.lock",
			);
			name = "[CP] Check Pods Manifest.lock";
			outputFileListPaths = (
			);
			outputPaths = (
				"$(DERIVED_FILE_DIR)/Pods-ToDo-checkManifestLockResult.txt",
			);
			runOnlyForDeploymentPostprocessing = 0;
			shellPath = /bin/sh;
			shellScript = "diff \"${PODS_PODFILE_DIR_PATH}/Podfile.lock\" \"${PODS_ROOT}/Manifest.lock\" > /dev/null\nif [ $? != 0 ] ; then\n    # print error to STDERR\n    echo \"error: The sandbox is not in sync with the Podfile.lock. Run 'pod install' or update your CocoaPods installation.\" >&2\n    exit 1\nfi\n# This output is used by Xcode 'outputs' to avoid re-running this script phase.\necho \"SUCCESS\" > \"${SCRIPT_OUTPUT_FILE_0}\"\n";
			showEnvVarsInLog = 0;
		};
/* End PBXShellScriptBuildPhase section */

/* Begin PBXSourcesBuildPhase section */
		7D75987124CD8DFF00C563DD /* Sources */ = {
			isa = PBXSourcesBuildPhase;
			buildActionMask = 2147483647;
			files = (
				7D7598DB24DAF11C00C563DD /* CategoryViewController.swift in Sources */,
				7D75987D24CD8DFF00C563DD /* TodoListViewController.swift in Sources */,
				7D75987924CD8DFF00C563DD /* AppDelegate.swift in Sources */,
				7D2CBB2224DD96DE00B069FF /* Item.swift in Sources */,
				7D75987B24CD8DFF00C563DD /* SceneDelegate.swift in Sources */,
				7D2CBB2424DD96EE00B069FF /* Category.swift in Sources */,
			);
			runOnlyForDeploymentPostprocessing = 0;
		};
/* End PBXSourcesBuildPhase section */

/* Begin PBXVariantGroup section */
		7D75987E24CD8DFF00C563DD /* Main.storyboard */ = {
			isa = PBXVariantGroup;
			children = (
				7D75987F24CD8DFF00C563DD /* Base */,
			);
			name = Main.storyboard;
			sourceTree = "<group>";
		};
		7D75988324CD8E0100C563DD /* LaunchScreen.storyboard */ = {
			isa = PBXVariantGroup;
			children = (
				7D75988424CD8E0100C563DD /* Base */,
			);
			name = LaunchScreen.storyboard;
			sourceTree = "<group>";
		};
/* End PBXVariantGroup section */

/* Begin XCBuildConfiguration section */
		7D75988724CD8E0100C563DD /* Debug */ = {
			isa = XCBuildConfiguration;
			buildSettings = {
				ALWAYS_SEARCH_USER_PATHS = NO;
				CLANG_ANALYZER_NONNULL = YES;
				CLANG_ANALYZER_NUMBER_OBJECT_CONVERSION = YES_AGGRESSIVE;
				CLANG_CXX_LANGUAGE_STANDARD = "gnu++14";
				CLANG_CXX_LIBRARY = "libc++";
				CLANG_ENABLE_MODULES = YES;
				CLANG_ENABLE_OBJC_ARC = YES;
				CLANG_ENABLE_OBJC_WEAK = YES;
				CLANG_WARN_BLOCK_CAPTURE_AUTORELEASING = YES;
				CLANG_WARN_BOOL_CONVERSION = YES;
				CLANG_WARN_COMMA = YES;
				CLANG_WARN_CONSTANT_CONVERSION = YES;
				CLANG_WARN_DEPRECATED_OBJC_IMPLEMENTATIONS = YES;
				CLANG_WARN_DIRECT_OBJC_ISA_USAGE = YES_ERROR;
				CLANG_WARN_DOCUMENTATION_COMMENTS = YES;
				CLANG_WARN_EMPTY_BODY = YES;
				CLANG_WARN_ENUM_CONVERSION = YES;
				CLANG_WARN_INFINITE_RECURSION = YES;
				CLANG_WARN_INT_CONVERSION = YES;
				CLANG_WARN_NON_LITERAL_NULL_CONVERSION = YES;
				CLANG_WARN_OBJC_IMPLICIT_RETAIN_SELF = YES;
				CLANG_WARN_OBJC_LITERAL_CONVERSION = YES;
				CLANG_WARN_OBJC_ROOT_CLASS = YES_ERROR;
				CLANG_WARN_RANGE_LOOP_ANALYSIS = YES;
				CLANG_WARN_STRICT_PROTOTYPES = YES;
				CLANG_WARN_SUSPICIOUS_MOVE = YES;
				CLANG_WARN_UNGUARDED_AVAILABILITY = YES_AGGRESSIVE;
				CLANG_WARN_UNREACHABLE_CODE = YES;
				CLANG_WARN__DUPLICATE_METHOD_MATCH = YES;
				COPY_PHASE_STRIP = NO;
				DEBUG_INFORMATION_FORMAT = dwarf;
				ENABLE_STRICT_OBJC_MSGSEND = YES;
				ENABLE_TESTABILITY = YES;
				GCC_C_LANGUAGE_STANDARD = gnu11;
				GCC_DYNAMIC_NO_PIC = NO;
				GCC_NO_COMMON_BLOCKS = YES;
				GCC_OPTIMIZATION_LEVEL = 0;
				GCC_PREPROCESSOR_DEFINITIONS = (
					"DEBUG=1",
					"$(inherited)",
				);
				GCC_WARN_64_TO_32_BIT_CONVERSION = YES;
				GCC_WARN_ABOUT_RETURN_TYPE = YES_ERROR;
				GCC_WARN_UNDECLARED_SELECTOR = YES;
				GCC_WARN_UNINITIALIZED_AUTOS = YES_AGGRESSIVE;
				GCC_WARN_UNUSED_FUNCTION = YES;
				GCC_WARN_UNUSED_VARIABLE = YES;
				IPHONEOS_DEPLOYMENT_TARGET = 13.5;
				MTL_ENABLE_DEBUG_INFO = INCLUDE_SOURCE;
				MTL_FAST_MATH = YES;
				ONLY_ACTIVE_ARCH = YES;
				SDKROOT = iphoneos;
				SWIFT_ACTIVE_COMPILATION_CONDITIONS = DEBUG;
				SWIFT_OPTIMIZATION_LEVEL = "-Onone";
			};
			name = Debug;
		};
		7D75988824CD8E0100C563DD /* Release */ = {
			isa = XCBuildConfiguration;
			buildSettings = {
				ALWAYS_SEARCH_USER_PATHS = NO;
				CLANG_ANALYZER_NONNULL = YES;
				CLANG_ANALYZER_NUMBER_OBJECT_CONVERSION = YES_AGGRESSIVE;
				CLANG_CXX_LANGUAGE_STANDARD = "gnu++14";
				CLANG_CXX_LIBRARY = "libc++";
				CLANG_ENABLE_MODULES = YES;
				CLANG_ENABLE_OBJC_ARC = YES;
				CLANG_ENABLE_OBJC_WEAK = YES;
				CLANG_WARN_BLOCK_CAPTURE_AUTORELEASING = YES;
				CLANG_WARN_BOOL_CONVERSION = YES;
				CLANG_WARN_COMMA = YES;
				CLANG_WARN_CONSTANT_CONVERSION = YES;
				CLANG_WARN_DEPRECATED_OBJC_IMPLEMENTATIONS = YES;
				CLANG_WARN_DIRECT_OBJC_ISA_USAGE = YES_ERROR;
				CLANG_WARN_DOCUMENTATION_COMMENTS = YES;
				CLANG_WARN_EMPTY_BODY = YES;
				CLANG_WARN_ENUM_CONVERSION = YES;
				CLANG_WARN_INFINITE_RECURSION = YES;
				CLANG_WARN_INT_CONVERSION = YES;
				CLANG_WARN_NON_LITERAL_NULL_CONVERSION = YES;
				CLANG_WARN_OBJC_IMPLICIT_RETAIN_SELF = YES;
				CLANG_WARN_OBJC_LITERAL_CONVERSION = YES;
				CLANG_WARN_OBJC_ROOT_CLASS = YES_ERROR;
				CLANG_WARN_RANGE_LOOP_ANALYSIS = YES;
				CLANG_WARN_STRICT_PROTOTYPES = YES;
				CLANG_WARN_SUSPICIOUS_MOVE = YES;
				CLANG_WARN_UNGUARDED_AVAILABILITY = YES_AGGRESSIVE;
				CLANG_WARN_UNREACHABLE_CODE = YES;
				CLANG_WARN__DUPLICATE_METHOD_MATCH = YES;
				COPY_PHASE_STRIP = NO;
				DEBUG_INFORMATION_FORMAT = "dwarf-with-dsym";
				ENABLE_NS_ASSERTIONS = NO;
				ENABLE_STRICT_OBJC_MSGSEND = YES;
				GCC_C_LANGUAGE_STANDARD = gnu11;
				GCC_NO_COMMON_BLOCKS = YES;
				GCC_WARN_64_TO_32_BIT_CONVERSION = YES;
				GCC_WARN_ABOUT_RETURN_TYPE = YES_ERROR;
				GCC_WARN_UNDECLARED_SELECTOR = YES;
				GCC_WARN_UNINITIALIZED_AUTOS = YES_AGGRESSIVE;
				GCC_WARN_UNUSED_FUNCTION = YES;
				GCC_WARN_UNUSED_VARIABLE = YES;
				IPHONEOS_DEPLOYMENT_TARGET = 13.5;
				MTL_ENABLE_DEBUG_INFO = NO;
				MTL_FAST_MATH = YES;
				SDKROOT = iphoneos;
				SWIFT_COMPILATION_MODE = wholemodule;
				SWIFT_OPTIMIZATION_LEVEL = "-O";
				VALIDATE_PRODUCT = YES;
			};
			name = Release;
		};
		7D75988A24CD8E0100C563DD /* Debug */ = {
			isa = XCBuildConfiguration;
			baseConfigurationReference = E753F9A6E3EB7A67EA205DAC /* Pods-ToDo.debug.xcconfig */;
			buildSettings = {
				ASSETCATALOG_COMPILER_APPICON_NAME = AppIcon;
				CODE_SIGN_STYLE = Automatic;
				DEVELOPMENT_TEAM = PSXZ25D6SS;
				INFOPLIST_FILE = ToDo/Info.plist;
				LD_RUNPATH_SEARCH_PATHS = (
					"$(inherited)",
					"@executable_path/Frameworks",
				);
				PRODUCT_BUNDLE_IDENTIFIER = com.letJamie.ToDo;
				PRODUCT_NAME = "$(TARGET_NAME)";
				SWIFT_VERSION = 5.0;
				TARGETED_DEVICE_FAMILY = "1,2";
			};
			name = Debug;
		};
		7D75988B24CD8E0100C563DD /* Release */ = {
			isa = XCBuildConfiguration;
			baseConfigurationReference = BBF4DF33518578D07860BE97 /* Pods-ToDo.release.xcconfig */;
			buildSettings = {
				ASSETCATALOG_COMPILER_APPICON_NAME = AppIcon;
				CODE_SIGN_STYLE = Automatic;
				DEVELOPMENT_TEAM = PSXZ25D6SS;
				INFOPLIST_FILE = ToDo/Info.plist;
				LD_RUNPATH_SEARCH_PATHS = (
					"$(inherited)",
					"@executable_path/Frameworks",
				);
				PRODUCT_BUNDLE_IDENTIFIER = com.letJamie.ToDo;
				PRODUCT_NAME = "$(TARGET_NAME)";
				SWIFT_VERSION = 5.0;
				TARGETED_DEVICE_FAMILY = "1,2";
			};
			name = Release;
		};
/* End XCBuildConfiguration section */

/* Begin XCConfigurationList section */
		7D75987024CD8DFF00C563DD /* Build configuration list for PBXProject "ToDo" */ = {
			isa = XCConfigurationList;
			buildConfigurations = (
				7D75988724CD8E0100C563DD /* Debug */,
				7D75988824CD8E0100C563DD /* Release */,
			);
			defaultConfigurationIsVisible = 0;
			defaultConfigurationName = Release;
		};
		7D75988924CD8E0100C563DD /* Build configuration list for PBXNativeTarget "ToDo" */ = {
			isa = XCConfigurationList;
			buildConfigurations = (
				7D75988A24CD8E0100C563DD /* Debug */,
				7D75988B24CD8E0100C563DD /* Release */,
			);
			defaultConfigurationIsVisible = 0;
			defaultConfigurationName = Release;
		};
/* End XCConfigurationList section */
	};
	rootObject = 7D75986D24CD8DFF00C563DD /* Project object */;
}
